{
  "name": "ts-demo",
  "version": "1.0.0",
  "lockfileVersion": 3,
  "requires": true,
  "packages": {
    "": {
      "name": "ts-demo",
      "version": "1.0.0",
      "license": "ISC",
      "dependencies": {
        "ajv": "^8.12.0",
        "algosdk": "^2.5.0",
        "js-sha256": "^0.10.1",
        "json-canonicalize": "^1.0.6",
        "readline-sync": "^1.4.10",
        "tweetnacl": "^1.0.3"
      },
      "devDependencies": {
        "@types/node": "^20.11.24",
        "@types/readline-sync": "^1.4.8",
        "typescript": "^5.3.3"
      }
    },
    "node_modules/@types/node": {
      "version": "20.11.24",
      "resolved": "https://registry.npmjs.org/@types/node/-/node-20.11.24.tgz",
      "integrity": "sha512-Kza43ewS3xoLgCEpQrsT+xRo/EJej1y0kVYGiLFE1NEODXGzTfwiC6tXTLMQskn1X4/Rjlh0MQUvx9W+L9long==",
      "dev": true,
      "dependencies": {
        "undici-types": "~5.26.4"
      }
    },
    "node_modules/@types/readline-sync": {
      "version": "1.4.8",
      "resolved": "https://registry.npmjs.org/@types/readline-sync/-/readline-sync-1.4.8.tgz",
      "integrity": "sha512-BL7xOf0yKLA6baAX6MMOnYkoflUyj/c7y3pqMRfU0va7XlwHAOTOIo4x55P/qLfMsuaYdJJKubToLqRVmRtRZA==",
      "dev": true
    },
    "node_modules/ajv": {
      "version": "8.12.0",
      "resolved": "https://registry.npmjs.org/ajv/-/ajv-8.12.0.tgz",
      "integrity": "sha512-sRu1kpcO9yLtYxBKvqfTeh9KzZEwO3STyX1HT+4CaDzC6HpTGYhIhPIzj9XuKU7KYDwnaeh5hcOwjy1QuJzBPA==",
      "dependencies": {
        "fast-deep-equal": "^3.1.1",
        "json-schema-traverse": "^1.0.0",
        "require-from-string": "^2.0.2",
        "uri-js": "^4.2.2"
      },
      "funding": {
        "type": "github",
        "url": "https://github.com/sponsors/epoberezkin"
      }
    },
    "node_modules/algo-msgpack-with-bigint": {
      "version": "2.1.1",
      "resolved": "https://registry.npmjs.org/algo-msgpack-with-bigint/-/algo-msgpack-with-bigint-2.1.1.tgz",
      "integrity": "sha512-F1tGh056XczEaEAqu7s+hlZUDWwOBT70Eq0lfMpBP2YguSQVyxRbprLq5rELXKQOyOaixTWYhMeMQMzP0U5FoQ==",
      "engines": {
        "node": ">= 10"
      }
    },
    "node_modules/algosdk": {
      "version": "2.7.0",
      "resolved": "https://registry.npmjs.org/algosdk/-/algosdk-2.7.0.tgz",
      "integrity": "sha512-sBE9lpV7bup3rZ+q2j3JQaFAE9JwZvjWKX00vPlG8e9txctXbgLL56jZhSWZndqhDI9oI+0P4NldkuQIWdrUyg==",
      "dependencies": {
        "algo-msgpack-with-bigint": "^2.1.1",
        "buffer": "^6.0.3",
        "hi-base32": "^0.5.1",
        "js-sha256": "^0.9.0",
        "js-sha3": "^0.8.0",
        "js-sha512": "^0.8.0",
        "json-bigint": "^1.0.0",
        "tweetnacl": "^1.0.3",
        "vlq": "^2.0.4"
      },
      "engines": {
        "node": ">=18.0.0"
      }
    },
    "node_modules/algosdk/node_modules/js-sha256": {
      "version": "0.9.0",
      "resolved": "https://registry.npmjs.org/js-sha256/-/js-sha256-0.9.0.tgz",
      "integrity": "sha512-sga3MHh9sgQN2+pJ9VYZ+1LPwXOxuBJBA5nrR5/ofPfuiJBE2hnjsaN8se8JznOmGLN2p49Pe5U/ttafcs/apA=="
    },
    "node_modules/base64-js": {
      "version": "1.5.1",
      "resolved": "https://registry.npmjs.org/base64-js/-/base64-js-1.5.1.tgz",
      "integrity": "sha512-AKpaYlHn8t4SVbOHCy+b5+KKgvR4vrsD8vbvrbiQJps7fKDTkjkDry6ji0rUJjC0kzbNePLwzxq8iypo41qeWA==",
      "funding": [
        {
          "type": "github",
          "url": "https://github.com/sponsors/feross"
        },
        {
          "type": "patreon",
          "url": "https://www.patreon.com/feross"
        },
        {
          "type": "consulting",
          "url": "https://feross.org/support"
        }
      ]
    },
    "node_modules/bignumber.js": {
      "version": "9.1.2",
      "resolved": "https://registry.npmjs.org/bignumber.js/-/bignumber.js-9.1.2.tgz",
      "integrity": "sha512-2/mKyZH9K85bzOEfhXDBFZTGd1CTs+5IHpeFQo9luiBG7hghdC851Pj2WAhb6E3R6b9tZj/XKhbg4fum+Kepug==",
      "engines": {
        "node": "*"
      }
    },
    "node_modules/buffer": {
      "version": "6.0.3",
      "resolved": "https://registry.npmjs.org/buffer/-/buffer-6.0.3.tgz",
      "integrity": "sha512-FTiCpNxtwiZZHEZbcbTIcZjERVICn9yq/pDFkTl95/AxzD1naBctN7YO68riM/gLSDY7sdrMby8hofADYuuqOA==",
      "funding": [
        {
          "type": "github",
          "url": "https://github.com/sponsors/feross"
        },
        {
          "type": "patreon",
          "url": "https://www.patreon.com/feross"
        },
        {
          "type": "consulting",
          "url": "https://feross.org/support"
        }
      ],
      "dependencies": {
        "base64-js": "^1.3.1",
        "ieee754": "^1.2.1"
      }
    },
    "node_modules/fast-deep-equal": {
      "version": "3.1.3",
      "resolved": "https://registry.npmjs.org/fast-deep-equal/-/fast-deep-equal-3.1.3.tgz",
      "integrity": "sha512-f3qQ9oQy9j2AhBe/H9VC91wLmKBCCU/gDOnKNAYG5hswO7BLKj09Hc5HYNz9cGI++xlpDCIgDaitVs03ATR84Q=="
    },
    "node_modules/hi-base32": {
      "version": "0.5.1",
      "resolved": "https://registry.npmjs.org/hi-base32/-/hi-base32-0.5.1.tgz",
      "integrity": "sha512-EmBBpvdYh/4XxsnUybsPag6VikPYnN30td+vQk+GI3qpahVEG9+gTkG0aXVxTjBqQ5T6ijbWIu77O+C5WFWsnA=="
    },
    "node_modules/ieee754": {
      "version": "1.2.1",
      "resolved": "https://registry.npmjs.org/ieee754/-/ieee754-1.2.1.tgz",
      "integrity": "sha512-dcyqhDvX1C46lXZcVqCpK+FtMRQVdIMN6/Df5js2zouUsqG7I6sFxitIC+7KYK29KdXOLHdu9zL4sFnoVQnqaA==",
      "funding": [
        {
          "type": "github",
          "url": "https://github.com/sponsors/feross"
        },
        {
          "type": "patreon",
          "url": "https://www.patreon.com/feross"
        },
        {
          "type": "consulting",
          "url": "https://feross.org/support"
        }
      ]
    },
    "node_modules/js-sha256": {
      "version": "0.10.1",
      "resolved": "https://registry.npmjs.org/js-sha256/-/js-sha256-0.10.1.tgz",
      "integrity": "sha512-5obBtsz9301ULlsgggLg542s/jqtddfOpV5KJc4hajc9JV8GeY2gZHSVpYBn4nWqAUTJ9v+xwtbJ1mIBgIH5Vw=="
    },
    "node_modules/js-sha3": {
      "version": "0.8.0",
      "resolved": "https://registry.npmjs.org/js-sha3/-/js-sha3-0.8.0.tgz",
      "integrity": "sha512-gF1cRrHhIzNfToc802P800N8PpXS+evLLXfsVpowqmAFR9uwbi89WvXg2QspOmXL8QL86J4T1EpFu+yUkwJY3Q=="
    },
    "node_modules/js-sha512": {
      "version": "0.8.0",
      "resolved": "https://registry.npmjs.org/js-sha512/-/js-sha512-0.8.0.tgz",
      "integrity": "sha512-PWsmefG6Jkodqt+ePTvBZCSMFgN7Clckjd0O7su3I0+BW2QWUTJNzjktHsztGLhncP2h8mcF9V9Y2Ha59pAViQ=="
    },
    "node_modules/json-bigint": {
      "version": "1.0.0",
      "resolved": "https://registry.npmjs.org/json-bigint/-/json-bigint-1.0.0.tgz",
      "integrity": "sha512-SiPv/8VpZuWbvLSMtTDU8hEfrZWg/mH/nV/b4o0CYbSxu1UIQPLdwKOCIyLQX+VIPO5vrLX3i8qtqFyhdPSUSQ==",
      "dependencies": {
        "bignumber.js": "^9.0.0"
      }
    },
    "node_modules/json-canonicalize": {
      "version": "1.0.6",
      "resolved": "https://registry.npmjs.org/json-canonicalize/-/json-canonicalize-1.0.6.tgz",
      "integrity": "sha512-kP2iYpOS5SZHYhIaR1t9oG80d4uTY3jPoaBj+nimy3njtJk8+sRsVatN8pyJRDRtk9Su3+6XqA2U8k0dByJBUQ=="
    },
    "node_modules/json-schema-traverse": {
      "version": "1.0.0",
      "resolved": "https://registry.npmjs.org/json-schema-traverse/-/json-schema-traverse-1.0.0.tgz",
      "integrity": "sha512-NM8/P9n3XjXhIZn1lLhkFaACTOURQXjWhV4BA/RnOv8xvgqtqpAX9IO4mRQxSx1Rlo4tqzeqb0sOlruaOy3dug=="
    },
    "node_modules/punycode": {
      "version": "2.3.1",
      "resolved": "https://registry.npmjs.org/punycode/-/punycode-2.3.1.tgz",
      "integrity": "sha512-vYt7UD1U9Wg6138shLtLOvdAu+8DsC/ilFtEVHcH+wydcSpNE20AfSOduf6MkRFahL5FY7X1oU7nKVZFtfq8Fg==",
      "engines": {
        "node": ">=6"
      }
    },
    "node_modules/readline-sync": {
      "version": "1.4.10",
      "resolved": "https://registry.npmjs.org/readline-sync/-/readline-sync-1.4.10.tgz",
      "integrity": "sha512-gNva8/6UAe8QYepIQH/jQ2qn91Qj0B9sYjMBBs3QOB8F2CXcKgLxQaJRP76sWVRQt+QU+8fAkCbCvjjMFu7Ycw==",
      "engines": {
        "node": ">= 0.8.0"
      }
    },
    "node_modules/require-from-string": {
      "version": "2.0.2",
      "resolved": "https://registry.npmjs.org/require-from-string/-/require-from-string-2.0.2.tgz",
      "integrity": "sha512-Xf0nWe6RseziFMu+Ap9biiUbmplq6S9/p+7w7YXP/JBHhrUDDUhwa+vANyubuqfZWTveU//DYVGsDG7RKL/vEw==",
      "engines": {
        "node": ">=0.10.0"
      }
    },
    "node_modules/tweetnacl": {
      "version": "1.0.3",
      "resolved": "https://registry.npmjs.org/tweetnacl/-/tweetnacl-1.0.3.tgz",
      "integrity": "sha512-6rt+RN7aOi1nGMyC4Xa5DdYiukl2UWCbcJft7YhxReBGQD7OAM8Pbxw6YMo4r2diNEA8FEmu32YOn9rhaiE5yw=="
    },
    "node_modules/typescript": {
      "version": "5.3.3",
      "resolved": "https://registry.npmjs.org/typescript/-/typescript-5.3.3.tgz",
      "integrity": "sha512-pXWcraxM0uxAS+tN0AG/BF2TyqmHO014Z070UsJ+pFvYuRSq8KH8DmWpnbXe0pEPDHXZV3FcAbJkijJ5oNEnWw==",
      "dev": true,
      "bin": {
        "tsc": "bin/tsc",
        "tsserver": "bin/tsserver"
      },
      "engines": {
        "node": ">=14.17"
      }
    },
    "node_modules/undici-types": {
      "version": "5.26.5",
      "resolved": "https://registry.npmjs.org/undici-types/-/undici-types-5.26.5.tgz",
      "integrity": "sha512-JlCMO+ehdEIKqlFxk6IfVoAUVmgz7cU7zD/h9XZ0qzeosSHmUJVOzSQvvYSYWXkFXC+IfLKSIffhv0sVZup6pA==",
      "dev": true
    },
    "node_modules/uri-js": {
      "version": "4.4.1",
      "resolved": "https://registry.npmjs.org/uri-js/-/uri-js-4.4.1.tgz",
      "integrity": "sha512-7rKUyy33Q1yc98pQ1DAmLtwX109F7TIfWlW1Ydo8Wl1ii1SeHieeh0HHfPeL2fMXK6z0s8ecKs9frCuLJvndBg==",
      "dependencies": {
        "punycode": "^2.1.0"
      }
    },
    "node_modules/vlq": {
      "version": "2.0.4",
      "resolved": "https://registry.npmjs.org/vlq/-/vlq-2.0.4.tgz",
      "integrity": "sha512-aodjPa2wPQFkra1G8CzJBTHXhgk3EVSwxSWXNPr1fgdFLUb8kvLV1iEb6rFgasIsjP82HWI6dsb5Io26DDnasA=="
    }
  }
}
